
Microsoft Visual Studio Solution File, Format Version 12.00
# Visual Studio Version 17
VisualStudioVersion = 17.10.35013.160
MinimumVisualStudioVersion = 10.0.40219.1
Project("{FAE04EC0-301F-11D3-BF4B-00C04F79EFBC}") = "Aplicacao_De_Tarefas", "Aplicacao_De_Tarefas\Aplicacao_De_Tarefas.csproj", "{BA94D90E-238D-4BCC-A272-62ACD3146ED5}"
EndProject
Project("{FAE04EC0-301F-11D3-BF4B-00C04F79EFBC}") = "Aplicacao_De_Tarefas.Client", "Aplicacao_De_Tarefas.Client\Aplicacao_De_Tarefas.Client.csproj", "{FD916606-7948-4B37-B699-8FBB462BDC60}"
EndProject
Global
	GlobalSection(SolutionConfigurationPlatforms) = preSolution
		Debug|Any CPU = Debug|Any CPU
		Release|Any CPU = Release|Any CPU
	EndGlobalSection
	GlobalSection(ProjectConfigurationPlatforms) = postSolution
		{BA94D90E-238D-4BCC-A272-62ACD3146ED5}.Debug|Any CPU.ActiveCfg = Debug|Any CPU
		{BA94D90E-238D-4BCC-A272-62ACD3146ED5}.Debug|Any CPU.Build.0 = Debug|Any CPU
		{BA94D90E-238D-4BCC-A272-62ACD3146ED5}.Release|Any CPU.ActiveCfg = Release|Any CPU
		{BA94D90E-238D-4BCC-A272-62ACD3146ED5}.Release|Any CPU.Build.0 = Release|Any CPU
		{FD916606-7948-4B37-B699-8FBB462BDC60}.Debug|Any CPU.ActiveCfg = Debug|Any CPU
		{FD916606-7948-4B37-B699-8FBB462BDC60}.Debug|Any CPU.Build.0 = Debug|Any CPU
		{FD916606-7948-4B37-B699-8FBB462BDC60}.Release|Any CPU.ActiveCfg = Release|Any CPU
		{FD916606-7948-4B37-B699-8FBB462BDC60}.Release|Any CPU.Build.0 = Release|Any CPU
	EndGlobalSection
	GlobalSection(SolutionProperties) = preSolution
		HideSolutionNode = FALSE
	EndGlobalSection
	GlobalSection(ExtensibilityGlobals) = postSolution
		SolutionGuid = {109D2654-EB77-4F72-98C1-4B2FDA69882B}
	EndGlobalSection
EndGlobal
